{
    "version": 3,
    "terraform_version": "0.11.2",
    "serial": 3,
    "lineage": "34a237c8-db53-47cc-a238-60f1413b429e",
    "modules": [
        {
            "path": [
                "root"
            ],
            "outputs": {
                "ec2_ip": {
                    "sensitive": false,
                    "type": "string",
                    "value": "3.17.69.90"
                }
            },
            "resources": {
                "aws_instance.custom_ec2": {
                    "type": "aws_instance",
                    "depends_on": [
                        "aws_security_group.neito_security_group",
                        "data.template_file.ec2_cloud_init"
                    ],
                    "primary": {
                        "id": "i-06d47638a37aebbbd",
                        "attributes": {
                            "ami": "ami-01e36b7901e884a10",
                            "arn": "arn:aws:ec2:us-east-2:213904922708:instance/i-06d47638a37aebbbd",
                            "associate_public_ip_address": "true",
                            "availability_zone": "us-east-2c",
                            "cpu_core_count": "1",
                            "cpu_threads_per_core": "1",
                            "credit_specification.#": "1",
                            "credit_specification.0.cpu_credits": "standard",
                            "disable_api_termination": "false",
                            "ebs_block_device.#": "0",
                            "ebs_optimized": "false",
                            "ephemeral_block_device.#": "0",
                            "get_password_data": "false",
                            "iam_instance_profile": "",
                            "id": "i-06d47638a37aebbbd",
                            "instance_state": "running",
                            "instance_type": "t2.micro",
                            "ipv6_addresses.#": "0",
                            "key_name": "ssh_try",
                            "monitoring": "false",
                            "network_interface.#": "0",
                            "network_interface_id": "eni-0d83df974bde4c2b7",
                            "password_data": "",
                            "placement_group": "",
                            "primary_network_interface_id": "eni-0d83df974bde4c2b7",
                            "private_dns": "ip-172-31-43-11.us-east-2.compute.internal",
                            "private_ip": "172.31.43.11",
                            "public_dns": "ec2-3-17-69-90.us-east-2.compute.amazonaws.com",
                            "public_ip": "3.17.69.90",
                            "root_block_device.#": "1",
                            "root_block_device.0.delete_on_termination": "true",
                            "root_block_device.0.iops": "100",
                            "root_block_device.0.volume_id": "vol-05b831fabd58c6539",
                            "root_block_device.0.volume_size": "20",
                            "root_block_device.0.volume_type": "gp2",
                            "security_groups.#": "1",
                            "security_groups.1495670218": "neito_security_group",
                            "source_dest_check": "true",
                            "subnet_id": "subnet-541d7f18",
                            "tags.%": "0",
                            "tenancy": "default",
                            "user_data": "ae2550686b79a136e3b67ef4178ad49110bf91e2",
                            "volume_tags.%": "0",
                            "vpc_security_group_ids.#": "1",
                            "vpc_security_group_ids.863235364": "sg-03d204ad3ffc52a55"
                        },
                        "meta": {
                            "e2bfb730-ecaa-11e6-8f88-34363bc7c4c0": {
                                "create": 600000000000,
                                "delete": 1200000000000,
                                "update": 600000000000
                            },
                            "schema_version": "1"
                        },
                        "tainted": false
                    },
                    "deposed": [],
                    "provider": "provider.aws"
                },
                "aws_key_pair.ssh_key": {
                    "type": "aws_key_pair",
                    "depends_on": [],
                    "primary": {
                        "id": "ssh_try",
                        "attributes": {
                            "fingerprint": "b4:c6:d2:49:a8:8c:d5:17:43:7f:90:dc:95:69:fd:05",
                            "id": "ssh_try",
                            "key_name": "ssh_try",
                            "public_key": "ssh-rsa AAAAB3NzaC1yc2EAAAADAQABAAABAQCTBLByKbiSQbXHcWLnVNfkT4qw5nSi4FobKl2PBaLC/Am9GhsAbCWecOwadj3rnre4mMWFUx0qJ/XW0e5RrhL6VVBkncEUgXOXOh8TY7dn1ZU/geuwYQ4Wvx4upBKL9ekjFCpLod+MHeAOinDrHPLKF25Gza5/YDchQZEewrho5MCfe8IwyhzZBe8VlFCu1p3zcho5QdciZP6SxW0vyhe6hUKH/bI7FP3YgZk9D0s/gF4gYAhdbLnMV4SaMovgVVEHsjHX2XIGsWCeWe2lb/QO19sY3ndw3GdcB1tvi5e0pHhs/kar/XQYP8r88J9RxFMjCrTnxcYJ2r43YEbtnDwp"
                        },
                        "meta": {
                            "schema_version": "1"
                        },
                        "tainted": false
                    },
                    "deposed": [],
                    "provider": "provider.aws"
                },
                "aws_security_group.neito_security_group": {
                    "type": "aws_security_group",
                    "depends_on": [],
                    "primary": {
                        "id": "sg-03d204ad3ffc52a55",
                        "attributes": {
                            "arn": "arn:aws:ec2:us-east-2:213904922708:security-group/sg-03d204ad3ffc52a55",
                            "description": "Port needed for developpement",
                            "egress.#": "1",
                            "egress.482069346.cidr_blocks.#": "1",
                            "egress.482069346.cidr_blocks.0": "0.0.0.0/0",
                            "egress.482069346.description": "",
                            "egress.482069346.from_port": "0",
                            "egress.482069346.ipv6_cidr_blocks.#": "0",
                            "egress.482069346.prefix_list_ids.#": "0",
                            "egress.482069346.protocol": "-1",
                            "egress.482069346.security_groups.#": "0",
                            "egress.482069346.self": "false",
                            "egress.482069346.to_port": "0",
                            "id": "sg-03d204ad3ffc52a55",
                            "ingress.#": "5",
                            "ingress.3450578380.cidr_blocks.#": "1",
                            "ingress.3450578380.cidr_blocks.0": "0.0.0.0/0",
                            "ingress.3450578380.description": "Enables SSH.",
                            "ingress.3450578380.from_port": "22",
                            "ingress.3450578380.ipv6_cidr_blocks.#": "0",
                            "ingress.3450578380.prefix_list_ids.#": "0",
                            "ingress.3450578380.protocol": "tcp",
                            "ingress.3450578380.security_groups.#": "0",
                            "ingress.3450578380.self": "false",
                            "ingress.3450578380.to_port": "22",
                            "ingress.4107731426.cidr_blocks.#": "1",
                            "ingress.4107731426.cidr_blocks.0": "0.0.0.0/0",
                            "ingress.4107731426.description": "Enables Portainer",
                            "ingress.4107731426.from_port": "9000",
                            "ingress.4107731426.ipv6_cidr_blocks.#": "0",
                            "ingress.4107731426.prefix_list_ids.#": "0",
                            "ingress.4107731426.protocol": "tcp",
                            "ingress.4107731426.security_groups.#": "0",
                            "ingress.4107731426.self": "false",
                            "ingress.4107731426.to_port": "9000",
                            "ingress.451080366.cidr_blocks.#": "1",
                            "ingress.451080366.cidr_blocks.0": "0.0.0.0/0",
                            "ingress.451080366.description": "Enables HTTPS",
                            "ingress.451080366.from_port": "443",
                            "ingress.451080366.ipv6_cidr_blocks.#": "0",
                            "ingress.451080366.prefix_list_ids.#": "0",
                            "ingress.451080366.protocol": "tcp",
                            "ingress.451080366.security_groups.#": "0",
                            "ingress.451080366.self": "false",
                            "ingress.451080366.to_port": "443",
                            "ingress.608229432.cidr_blocks.#": "1",
                            "ingress.608229432.cidr_blocks.0": "0.0.0.0/0",
                            "ingress.608229432.description": "Enables HTTP.",
                            "ingress.608229432.from_port": "80",
                            "ingress.608229432.ipv6_cidr_blocks.#": "0",
                            "ingress.608229432.prefix_list_ids.#": "0",
                            "ingress.608229432.protocol": "tcp",
                            "ingress.608229432.security_groups.#": "0",
                            "ingress.608229432.self": "false",
                            "ingress.608229432.to_port": "80",
                            "ingress.890664268.cidr_blocks.#": "1",
                            "ingress.890664268.cidr_blocks.0": "0.0.0.0/0",
                            "ingress.890664268.description": "Enables Jenkins",
                            "ingress.890664268.from_port": "9001",
                            "ingress.890664268.ipv6_cidr_blocks.#": "0",
                            "ingress.890664268.prefix_list_ids.#": "0",
                            "ingress.890664268.protocol": "tcp",
                            "ingress.890664268.security_groups.#": "0",
                            "ingress.890664268.self": "false",
                            "ingress.890664268.to_port": "9001",
                            "name": "neito_security_group",
                            "owner_id": "213904922708",
                            "revoke_rules_on_delete": "true",
                            "tags.%": "0",
                            "vpc_id": "vpc-5665c03d"
                        },
                        "meta": {
                            "e2bfb730-ecaa-11e6-8f88-34363bc7c4c0": {
                                "create": 600000000000,
                                "delete": 600000000000
                            },
                            "schema_version": "1"
                        },
                        "tainted": false
                    },
                    "deposed": [],
                    "provider": "provider.aws"
                },
                "aws_security_group_rule.22_ingress": {
                    "type": "aws_security_group_rule",
                    "depends_on": [
                        "aws_security_group.neito_security_group"
                    ],
                    "primary": {
                        "id": "sgrule-3931780703",
                        "attributes": {
                            "cidr_blocks.#": "1",
                            "cidr_blocks.0": "0.0.0.0/0",
                            "description": "Enables SSH.",
                            "from_port": "22",
                            "id": "sgrule-3931780703",
                            "ipv6_cidr_blocks.#": "0",
                            "prefix_list_ids.#": "0",
                            "protocol": "tcp",
                            "security_group_id": "sg-03d204ad3ffc52a55",
                            "self": "false",
                            "to_port": "22",
                            "type": "ingress"
                        },
                        "meta": {
                            "schema_version": "2"
                        },
                        "tainted": false
                    },
                    "deposed": [],
                    "provider": "provider.aws"
                },
                "aws_security_group_rule.443_ingress": {
                    "type": "aws_security_group_rule",
                    "depends_on": [
                        "aws_security_group.neito_security_group"
                    ],
                    "primary": {
                        "id": "sgrule-3637681556",
                        "attributes": {
                            "cidr_blocks.#": "1",
                            "cidr_blocks.0": "0.0.0.0/0",
                            "description": "Enables HTTPS",
                            "from_port": "443",
                            "id": "sgrule-3637681556",
                            "ipv6_cidr_blocks.#": "0",
                            "prefix_list_ids.#": "0",
                            "protocol": "tcp",
                            "security_group_id": "sg-03d204ad3ffc52a55",
                            "self": "false",
                            "to_port": "443",
                            "type": "ingress"
                        },
                        "meta": {
                            "schema_version": "2"
                        },
                        "tainted": false
                    },
                    "deposed": [],
                    "provider": "provider.aws"
                },
                "aws_security_group_rule.80_ingress": {
                    "type": "aws_security_group_rule",
                    "depends_on": [
                        "aws_security_group.neito_security_group"
                    ],
                    "primary": {
                        "id": "sgrule-1557162986",
                        "attributes": {
                            "cidr_blocks.#": "1",
                            "cidr_blocks.0": "0.0.0.0/0",
                            "description": "Enables HTTP.",
                            "from_port": "80",
                            "id": "sgrule-1557162986",
                            "ipv6_cidr_blocks.#": "0",
                            "prefix_list_ids.#": "0",
                            "protocol": "tcp",
                            "security_group_id": "sg-03d204ad3ffc52a55",
                            "self": "false",
                            "to_port": "80",
                            "type": "ingress"
                        },
                        "meta": {
                            "schema_version": "2"
                        },
                        "tainted": false
                    },
                    "deposed": [],
                    "provider": "provider.aws"
                },
                "aws_security_group_rule.9000_ingress": {
                    "type": "aws_security_group_rule",
                    "depends_on": [
                        "aws_security_group.neito_security_group"
                    ],
                    "primary": {
                        "id": "sgrule-1085514388",
                        "attributes": {
                            "cidr_blocks.#": "1",
                            "cidr_blocks.0": "0.0.0.0/0",
                            "description": "Enables Portainer",
                            "from_port": "9000",
                            "id": "sgrule-1085514388",
                            "ipv6_cidr_blocks.#": "0",
                            "prefix_list_ids.#": "0",
                            "protocol": "tcp",
                            "security_group_id": "sg-03d204ad3ffc52a55",
                            "self": "false",
                            "to_port": "9000",
                            "type": "ingress"
                        },
                        "meta": {
                            "schema_version": "2"
                        },
                        "tainted": false
                    },
                    "deposed": [],
                    "provider": "provider.aws"
                },
                "aws_security_group_rule.9001_ingress": {
                    "type": "aws_security_group_rule",
                    "depends_on": [
                        "aws_security_group.neito_security_group"
                    ],
                    "primary": {
                        "id": "sgrule-2727419543",
                        "attributes": {
                            "cidr_blocks.#": "1",
                            "cidr_blocks.0": "0.0.0.0/0",
                            "description": "Enables Jenkins",
                            "from_port": "9001",
                            "id": "sgrule-2727419543",
                            "ipv6_cidr_blocks.#": "0",
                            "prefix_list_ids.#": "0",
                            "protocol": "tcp",
                            "security_group_id": "sg-03d204ad3ffc52a55",
                            "self": "false",
                            "to_port": "9001",
                            "type": "ingress"
                        },
                        "meta": {
                            "schema_version": "2"
                        },
                        "tainted": false
                    },
                    "deposed": [],
                    "provider": "provider.aws"
                },
                "aws_security_group_rule.internet_outbound": {
                    "type": "aws_security_group_rule",
                    "depends_on": [
                        "aws_security_group.neito_security_group"
                    ],
                    "primary": {
                        "id": "sgrule-1275396353",
                        "attributes": {
                            "cidr_blocks.#": "1",
                            "cidr_blocks.0": "0.0.0.0/0",
                            "description": "",
                            "from_port": "0",
                            "id": "sgrule-1275396353",
                            "ipv6_cidr_blocks.#": "0",
                            "prefix_list_ids.#": "0",
                            "protocol": "-1",
                            "security_group_id": "sg-03d204ad3ffc52a55",
                            "self": "false",
                            "to_port": "0",
                            "type": "egress"
                        },
                        "meta": {
                            "schema_version": "2"
                        },
                        "tainted": false
                    },
                    "deposed": [],
                    "provider": "provider.aws"
                },
                "data.template_file.ec2_cloud_init": {
                    "type": "template_file",
                    "depends_on": [],
                    "primary": {
                        "id": "2bee6e5ea5b33e8d91587ed241445006dfce6c2c337d5eabfb1f8b647dcfca0b",
                        "attributes": {
                            "id": "2bee6e5ea5b33e8d91587ed241445006dfce6c2c337d5eabfb1f8b647dcfca0b",
                            "rendered": "#cloud-config\n\n# Make sure that the root partition fills the entire disk to prevent the return of the disk full issue.\ngrowpart:\n  mode: auto\n  devices: ['/']\n\nyum_repos:\n  docker:\n    baseurl: https://download.docker.com/linux/centos/7/$basearch/stable\n    enabled: true\n    gpgcheck: true\n    gpgkey: https://download.docker.com/linux/centos/gpg\n    name: Docker CE Stable - $basearch\n\n# Update all the things\npackage_update: true\n\n# Install our packages to make docker work.\npackages:\n  - yum-utils\n  - device-mapper-persistent-data\n  - lvm2\n  - wget\n  - docker-ce\n  - zsh\n\n# Reboot to update the packages if needed. Makes sure the patches actually get applied.\npackage_reboot_if_required: true\n\n# Configure NTP like we should do! Using AWS magic IP address for NTP.\nntp:\n  enabled: true\n  ntp_client: chrony\n  servers:\n    - 169.254.169.123\n\n\nruncmd:\n- echo \"TP_Juillet\" \u003e /home/gecloud/.deploymentID\n- update-ca-trust\n- systemctl enable docker\n- systemctl start docker\n- docker network create the_network\n\noutput : { all : '| tee -a /var/log/cloud-init-runcmd.log' }",
                            "template": "#cloud-config\n\n# Make sure that the root partition fills the entire disk to prevent the return of the disk full issue.\ngrowpart:\n  mode: auto\n  devices: ['/']\n\nyum_repos:\n  docker:\n    baseurl: https://download.docker.com/linux/centos/7/$basearch/stable\n    enabled: true\n    gpgcheck: true\n    gpgkey: https://download.docker.com/linux/centos/gpg\n    name: Docker CE Stable - $basearch\n\n# Update all the things\npackage_update: true\n\n# Install our packages to make docker work.\npackages:\n  - yum-utils\n  - device-mapper-persistent-data\n  - lvm2\n  - wget\n  - docker-ce\n  - zsh\n\n# Reboot to update the packages if needed. Makes sure the patches actually get applied.\npackage_reboot_if_required: true\n\n# Configure NTP like we should do! Using AWS magic IP address for NTP.\nntp:\n  enabled: true\n  ntp_client: chrony\n  servers:\n    - 169.254.169.123\n\n\nruncmd:\n- echo \"${deploymentID}\" \u003e /home/gecloud/.deploymentID\n- update-ca-trust\n- systemctl enable docker\n- systemctl start docker\n- docker network create the_network\n\noutput : { all : '| tee -a /var/log/cloud-init-runcmd.log' }",
                            "vars.%": "1",
                            "vars.deploymentID": "TP_Juillet"
                        },
                        "meta": {},
                        "tainted": false
                    },
                    "deposed": [],
                    "provider": "provider.template"
                }
            },
            "depends_on": []
        }
    ]
}
